
Microsoft Visual Studio Solution File, Format Version 12.00
# Visual Studio Version 16
VisualStudioVersion = 16.0.30517.126
MinimumVisualStudioVersion = 10.0.40219.1
Project("{FAE04EC0-301F-11D3-BF4B-00C04F79EFBC}") = "BelezaNaWeb.Domain", "BelezaNaWeb.Domain\BelezaNaWeb.Domain.csproj", "{65EAF64C-9C51-4694-B2C0-598599546D11}"
EndProject
Project("{FAE04EC0-301F-11D3-BF4B-00C04F79EFBC}") = "BelezaNaWeb.Framework", "BelezaNaWeb.Framework\BelezaNaWeb.Framework.csproj", "{A0E3F54C-235E-47A2-9711-A77C017D1AA9}"
EndProject
Project("{2150E333-8FDC-42A3-9474-1A3956D46DE8}") = "Framework", "Framework", "{176BF7BA-46E9-43B1-A158-36A769AD8948}"
EndProject
Project("{2150E333-8FDC-42A3-9474-1A3956D46DE8}") = "Services", "Services", "{AB81A2D3-171D-4679-848B-0E9154AFBF6C}"
EndProject
Project("{FAE04EC0-301F-11D3-BF4B-00C04F79EFBC}") = "BelezaNaWeb.Api", "BelezaNaWeb.Api\BelezaNaWeb.Api.csproj", "{A3C9E77A-FF55-49D2-9F02-29B785A30424}"
EndProject
Project("{2150E333-8FDC-42A3-9474-1A3956D46DE8}") = "Domain", "Domain", "{16F57F6C-83ED-4ED5-8BF4-910ABA8BB7FB}"
EndProject
Global
	GlobalSection(SolutionConfigurationPlatforms) = preSolution
		Debug|Any CPU = Debug|Any CPU
		Release|Any CPU = Release|Any CPU
	EndGlobalSection
	GlobalSection(ProjectConfigurationPlatforms) = postSolution
		{65EAF64C-9C51-4694-B2C0-598599546D11}.Debug|Any CPU.ActiveCfg = Debug|Any CPU
		{65EAF64C-9C51-4694-B2C0-598599546D11}.Debug|Any CPU.Build.0 = Debug|Any CPU
		{65EAF64C-9C51-4694-B2C0-598599546D11}.Release|Any CPU.ActiveCfg = Release|Any CPU
		{65EAF64C-9C51-4694-B2C0-598599546D11}.Release|Any CPU.Build.0 = Release|Any CPU
		{A0E3F54C-235E-47A2-9711-A77C017D1AA9}.Debug|Any CPU.ActiveCfg = Debug|Any CPU
		{A0E3F54C-235E-47A2-9711-A77C017D1AA9}.Debug|Any CPU.Build.0 = Debug|Any CPU
		{A0E3F54C-235E-47A2-9711-A77C017D1AA9}.Release|Any CPU.ActiveCfg = Release|Any CPU
		{A0E3F54C-235E-47A2-9711-A77C017D1AA9}.Release|Any CPU.Build.0 = Release|Any CPU
		{A3C9E77A-FF55-49D2-9F02-29B785A30424}.Debug|Any CPU.ActiveCfg = Debug|Any CPU
		{A3C9E77A-FF55-49D2-9F02-29B785A30424}.Debug|Any CPU.Build.0 = Debug|Any CPU
		{A3C9E77A-FF55-49D2-9F02-29B785A30424}.Release|Any CPU.ActiveCfg = Release|Any CPU
		{A3C9E77A-FF55-49D2-9F02-29B785A30424}.Release|Any CPU.Build.0 = Release|Any CPU
	EndGlobalSection
	GlobalSection(SolutionProperties) = preSolution
		HideSolutionNode = FALSE
	EndGlobalSection
	GlobalSection(NestedProjects) = preSolution
		{65EAF64C-9C51-4694-B2C0-598599546D11} = {16F57F6C-83ED-4ED5-8BF4-910ABA8BB7FB}
		{A0E3F54C-235E-47A2-9711-A77C017D1AA9} = {176BF7BA-46E9-43B1-A158-36A769AD8948}
		{A3C9E77A-FF55-49D2-9F02-29B785A30424} = {AB81A2D3-171D-4679-848B-0E9154AFBF6C}
	EndGlobalSection
	GlobalSection(ExtensibilityGlobals) = postSolution
		SolutionGuid = {113CAD1B-C7A2-4D20-A8FF-60BC865B9CD6}
	EndGlobalSection
EndGlobal
