
Microsoft Visual Studio Solution File, Format Version 12.00
# Visual Studio 15
VisualStudioVersion = 15.0.28307.1340
MinimumVisualStudioVersion = 10.0.40219.1
Project("{FAE04EC0-301F-11D3-BF4B-00C04F79EFBC}") = "ApiProduct", "ApiProduct\ApiProduct.csproj", "{51FE46C7-E2A8-42B7-B1FB-76DF1F547319}"
EndProject
Global
	GlobalSection(SolutionConfigurationPlatforms) = preSolution
		Debug|Any CPU = Debug|Any CPU
		Release|Any CPU = Release|Any CPU
	EndGlobalSection
	GlobalSection(ProjectConfigurationPlatforms) = postSolution
		{51FE46C7-E2A8-42B7-B1FB-76DF1F547319}.Debug|Any CPU.ActiveCfg = Debug|Any CPU
		{51FE46C7-E2A8-42B7-B1FB-76DF1F547319}.Debug|Any CPU.Build.0 = Debug|Any CPU
		{51FE46C7-E2A8-42B7-B1FB-76DF1F547319}.Release|Any CPU.ActiveCfg = Release|Any CPU
		{51FE46C7-E2A8-42B7-B1FB-76DF1F547319}.Release|Any CPU.Build.0 = Release|Any CPU
	EndGlobalSection
	GlobalSection(SolutionProperties) = preSolution
		HideSolutionNode = FALSE
	EndGlobalSection
	GlobalSection(ExtensibilityGlobals) = postSolution
		SolutionGuid = {54BCD645-6905-492A-8B64-F064689A680B}
	EndGlobalSection
EndGlobal
