
Microsoft Visual Studio Solution File, Format Version 12.00
# Visual Studio Version 16
VisualStudioVersion = 16.0.30523.141
MinimumVisualStudioVersion = 10.0.40219.1
Project("{9A19103F-16F7-4668-BE54-9A1E7A4F7556}") = "ProjectWebApiBackEndTest", "TestBackEnd\ProjectWebApiBackEndTest.csproj", "{CCA09055-0AC9-40B6-807E-0BB1AE92C295}"
EndProject
Project("{9A19103F-16F7-4668-BE54-9A1E7A4F7556}") = "ProjectTestBackEndWebApi", "ApiTestBackEnd\ProjectTestBackEndWebApi.csproj", "{3E11198D-C0EA-49D6-8306-3031F21EAB8F}"
EndProject
Global
	GlobalSection(SolutionConfigurationPlatforms) = preSolution
		Debug|Any CPU = Debug|Any CPU
		Release|Any CPU = Release|Any CPU
	EndGlobalSection
	GlobalSection(ProjectConfigurationPlatforms) = postSolution
		{CCA09055-0AC9-40B6-807E-0BB1AE92C295}.Debug|Any CPU.ActiveCfg = Debug|Any CPU
		{CCA09055-0AC9-40B6-807E-0BB1AE92C295}.Debug|Any CPU.Build.0 = Debug|Any CPU
		{CCA09055-0AC9-40B6-807E-0BB1AE92C295}.Release|Any CPU.ActiveCfg = Release|Any CPU
		{CCA09055-0AC9-40B6-807E-0BB1AE92C295}.Release|Any CPU.Build.0 = Release|Any CPU
		{3E11198D-C0EA-49D6-8306-3031F21EAB8F}.Debug|Any CPU.ActiveCfg = Debug|Any CPU
		{3E11198D-C0EA-49D6-8306-3031F21EAB8F}.Debug|Any CPU.Build.0 = Debug|Any CPU
		{3E11198D-C0EA-49D6-8306-3031F21EAB8F}.Release|Any CPU.ActiveCfg = Release|Any CPU
		{3E11198D-C0EA-49D6-8306-3031F21EAB8F}.Release|Any CPU.Build.0 = Release|Any CPU
	EndGlobalSection
	GlobalSection(SolutionProperties) = preSolution
		HideSolutionNode = FALSE
	EndGlobalSection
	GlobalSection(ExtensibilityGlobals) = postSolution
		SolutionGuid = {0D9736C1-BC58-4264-8419-10A7D84998AA}
	EndGlobalSection
EndGlobal
