
Microsoft Visual Studio Solution File, Format Version 12.00
# Visual Studio Version 16
VisualStudioVersion = 16.0.30204.135
MinimumVisualStudioVersion = 10.0.40219.1
Project("{9A19103F-16F7-4668-BE54-9A1E7A4F7556}") = "BelezaNaWebAPI", "BelezaNaWebAPI\BelezaNaWebAPI.csproj", "{DC77BD95-5172-46F3-940D-1E005AF8CE2F}"
EndProject
Project("{9A19103F-16F7-4668-BE54-9A1E7A4F7556}") = "Domain", "Domain\Domain.csproj", "{BF812B84-2ABB-469F-99D4-2A2306F29821}"
EndProject
Project("{FAE04EC0-301F-11D3-BF4B-00C04F79EFBC}") = "BelezaNaWebAPITests", "BelezaNaWebAPITests\BelezaNaWebAPITests.csproj", "{20DD6AB3-2F0C-477B-82A2-F97AC76AB710}"
EndProject
Global
	GlobalSection(SolutionConfigurationPlatforms) = preSolution
		Debug|Any CPU = Debug|Any CPU
		Release|Any CPU = Release|Any CPU
	EndGlobalSection
	GlobalSection(ProjectConfigurationPlatforms) = postSolution
		{DC77BD95-5172-46F3-940D-1E005AF8CE2F}.Debug|Any CPU.ActiveCfg = Debug|Any CPU
		{DC77BD95-5172-46F3-940D-1E005AF8CE2F}.Debug|Any CPU.Build.0 = Debug|Any CPU
		{DC77BD95-5172-46F3-940D-1E005AF8CE2F}.Release|Any CPU.ActiveCfg = Release|Any CPU
		{DC77BD95-5172-46F3-940D-1E005AF8CE2F}.Release|Any CPU.Build.0 = Release|Any CPU
		{BF812B84-2ABB-469F-99D4-2A2306F29821}.Debug|Any CPU.ActiveCfg = Debug|Any CPU
		{BF812B84-2ABB-469F-99D4-2A2306F29821}.Debug|Any CPU.Build.0 = Debug|Any CPU
		{BF812B84-2ABB-469F-99D4-2A2306F29821}.Release|Any CPU.ActiveCfg = Release|Any CPU
		{BF812B84-2ABB-469F-99D4-2A2306F29821}.Release|Any CPU.Build.0 = Release|Any CPU
		{20DD6AB3-2F0C-477B-82A2-F97AC76AB710}.Debug|Any CPU.ActiveCfg = Debug|Any CPU
		{20DD6AB3-2F0C-477B-82A2-F97AC76AB710}.Debug|Any CPU.Build.0 = Debug|Any CPU
		{20DD6AB3-2F0C-477B-82A2-F97AC76AB710}.Release|Any CPU.ActiveCfg = Release|Any CPU
		{20DD6AB3-2F0C-477B-82A2-F97AC76AB710}.Release|Any CPU.Build.0 = Release|Any CPU
	EndGlobalSection
	GlobalSection(SolutionProperties) = preSolution
		HideSolutionNode = FALSE
	EndGlobalSection
	GlobalSection(ExtensibilityGlobals) = postSolution
		SolutionGuid = {59830B50-3FF5-47E3-AB62-24E5478FEB35}
	EndGlobalSection
EndGlobal
