
Microsoft Visual Studio Solution File, Format Version 12.00
# Visual Studio Version 17
VisualStudioVersion = 17.0.32014.148
MinimumVisualStudioVersion = 10.0.40219.1
Project("{9A19103F-16F7-4668-BE54-9A1E7A4F7556}") = "BelezaNaWeb.Api", "src\BelezaNaWeb.Api\BelezaNaWeb.Api.csproj", "{4CA3EB1C-98CB-49CF-A0F1-1422631E5236}"
EndProject
Project("{2150E333-8FDC-42A3-9474-1A3956D46DE8}") = "src", "src", "{658DA761-1A3B-4884-B163-1F6588C5EC26}"
EndProject
Project("{2150E333-8FDC-42A3-9474-1A3956D46DE8}") = "tests", "tests", "{85D227C9-CF08-4F43-A09D-B90ADC64C0F9}"
EndProject
Project("{9A19103F-16F7-4668-BE54-9A1E7A4F7556}") = "BelezaNaWeb.Domain", "src\BelezaNaWeb.Domain\BelezaNaWeb.Domain.csproj", "{F6B06A58-3E5C-4B7E-8E6C-DD97BAF291C0}"
EndProject
Project("{9A19103F-16F7-4668-BE54-9A1E7A4F7556}") = "BelezaNaWeb.Infrastructure", "src\BelezaNaWeb.Infrastructure\BelezaNaWeb.Infrastructure.csproj", "{B1A6C80F-4913-4042-9F0E-2B315D1A65E5}"
EndProject
Project("{FAE04EC0-301F-11D3-BF4B-00C04F79EFBC}") = "BelezaNaWeb.Application", "BelezaNaWeb.Application\BelezaNaWeb.Application.csproj", "{62F2877C-93EA-4A3B-8961-3C25DED860B9}"
EndProject
Global
	GlobalSection(SolutionConfigurationPlatforms) = preSolution
		Debug|Any CPU = Debug|Any CPU
		Release|Any CPU = Release|Any CPU
	EndGlobalSection
	GlobalSection(ProjectConfigurationPlatforms) = postSolution
		{4CA3EB1C-98CB-49CF-A0F1-1422631E5236}.Debug|Any CPU.ActiveCfg = Debug|Any CPU
		{4CA3EB1C-98CB-49CF-A0F1-1422631E5236}.Debug|Any CPU.Build.0 = Debug|Any CPU
		{4CA3EB1C-98CB-49CF-A0F1-1422631E5236}.Release|Any CPU.ActiveCfg = Release|Any CPU
		{4CA3EB1C-98CB-49CF-A0F1-1422631E5236}.Release|Any CPU.Build.0 = Release|Any CPU
		{F6B06A58-3E5C-4B7E-8E6C-DD97BAF291C0}.Debug|Any CPU.ActiveCfg = Debug|Any CPU
		{F6B06A58-3E5C-4B7E-8E6C-DD97BAF291C0}.Debug|Any CPU.Build.0 = Debug|Any CPU
		{F6B06A58-3E5C-4B7E-8E6C-DD97BAF291C0}.Release|Any CPU.ActiveCfg = Release|Any CPU
		{F6B06A58-3E5C-4B7E-8E6C-DD97BAF291C0}.Release|Any CPU.Build.0 = Release|Any CPU
		{B1A6C80F-4913-4042-9F0E-2B315D1A65E5}.Debug|Any CPU.ActiveCfg = Debug|Any CPU
		{B1A6C80F-4913-4042-9F0E-2B315D1A65E5}.Debug|Any CPU.Build.0 = Debug|Any CPU
		{B1A6C80F-4913-4042-9F0E-2B315D1A65E5}.Release|Any CPU.ActiveCfg = Release|Any CPU
		{B1A6C80F-4913-4042-9F0E-2B315D1A65E5}.Release|Any CPU.Build.0 = Release|Any CPU
		{62F2877C-93EA-4A3B-8961-3C25DED860B9}.Debug|Any CPU.ActiveCfg = Debug|Any CPU
		{62F2877C-93EA-4A3B-8961-3C25DED860B9}.Debug|Any CPU.Build.0 = Debug|Any CPU
		{62F2877C-93EA-4A3B-8961-3C25DED860B9}.Release|Any CPU.ActiveCfg = Release|Any CPU
		{62F2877C-93EA-4A3B-8961-3C25DED860B9}.Release|Any CPU.Build.0 = Release|Any CPU
	EndGlobalSection
	GlobalSection(SolutionProperties) = preSolution
		HideSolutionNode = FALSE
	EndGlobalSection
	GlobalSection(NestedProjects) = preSolution
		{4CA3EB1C-98CB-49CF-A0F1-1422631E5236} = {658DA761-1A3B-4884-B163-1F6588C5EC26}
		{F6B06A58-3E5C-4B7E-8E6C-DD97BAF291C0} = {658DA761-1A3B-4884-B163-1F6588C5EC26}
		{B1A6C80F-4913-4042-9F0E-2B315D1A65E5} = {658DA761-1A3B-4884-B163-1F6588C5EC26}
		{62F2877C-93EA-4A3B-8961-3C25DED860B9} = {658DA761-1A3B-4884-B163-1F6588C5EC26}
	EndGlobalSection
	GlobalSection(ExtensibilityGlobals) = postSolution
		SolutionGuid = {618AA6F4-1950-4AAF-AE10-1B275B1146D0}
	EndGlobalSection
EndGlobal
