
Microsoft Visual Studio Solution File, Format Version 12.00
# Visual Studio Version 16
VisualStudioVersion = 16.0.31624.102
MinimumVisualStudioVersion = 10.0.40219.1
Project("{9A19103F-16F7-4668-BE54-9A1E7A4F7556}") = "Boticario.API", "Boticario.API\Boticario.API.csproj", "{2FEBA74E-E0CE-44BD-90AD-BE5C4EEA30A0}"
EndProject
Global
	GlobalSection(SolutionConfigurationPlatforms) = preSolution
		Debug|Any CPU = Debug|Any CPU
		Release|Any CPU = Release|Any CPU
	EndGlobalSection
	GlobalSection(ProjectConfigurationPlatforms) = postSolution
		{2FEBA74E-E0CE-44BD-90AD-BE5C4EEA30A0}.Debug|Any CPU.ActiveCfg = Debug|Any CPU
		{2FEBA74E-E0CE-44BD-90AD-BE5C4EEA30A0}.Debug|Any CPU.Build.0 = Debug|Any CPU
		{2FEBA74E-E0CE-44BD-90AD-BE5C4EEA30A0}.Release|Any CPU.ActiveCfg = Release|Any CPU
		{2FEBA74E-E0CE-44BD-90AD-BE5C4EEA30A0}.Release|Any CPU.Build.0 = Release|Any CPU
	EndGlobalSection
	GlobalSection(SolutionProperties) = preSolution
		HideSolutionNode = FALSE
	EndGlobalSection
	GlobalSection(ExtensibilityGlobals) = postSolution
		SolutionGuid = {F194BF5C-474B-4A7B-A5D7-903F933CC1F8}
	EndGlobalSection
EndGlobal
