
Microsoft Visual Studio Solution File, Format Version 12.00
# Visual Studio Version 16
VisualStudioVersion = 16.0.29613.14
MinimumVisualStudioVersion = 10.0.40219.1
Project("{2150E333-8FDC-42A3-9474-1A3956D46DE8}") = "3 - Domain", "3 - Domain", "{25A169EA-B579-4FCF-98E9-80EF4C1150DB}"
EndProject
Project("{9A19103F-16F7-4668-BE54-9A1E7A4F7556}") = "GBTest.ALC.Domain", "GBTest.ALC.Domain\GBTest.ALC.Domain.csproj", "{6977476F-A365-4B67-89EF-2AD659A0BE6E}"
EndProject
Project("{2150E333-8FDC-42A3-9474-1A3956D46DE8}") = "4 - Infra", "4 - Infra", "{C6143275-C308-4E42-AF52-881D9C498700}"
EndProject
Project("{2150E333-8FDC-42A3-9474-1A3956D46DE8}") = "4.1 - Data", "4.1 - Data", "{0B3D2161-C417-44F8-A243-F16BF7CE10E7}"
EndProject
Project("{2150E333-8FDC-42A3-9474-1A3956D46DE8}") = "4.1.1 - Local", "4.1.1 - Local", "{85F9815F-066D-4808-BEF2-3FBE7A6E6ADD}"
EndProject
Project("{9A19103F-16F7-4668-BE54-9A1E7A4F7556}") = "GBTest.ALC.Infra.Data.Local", "GBTest.ALC.Infra.Data.Local\GBTest.ALC.Infra.Data.Local.csproj", "{EB8520F7-53A7-4C74-9DD8-8DDC0BE2C835}"
EndProject
Project("{2150E333-8FDC-42A3-9474-1A3956D46DE8}") = "2 - Application", "2 - Application", "{43522E0B-B691-4641-8A5B-6D8D04257395}"
EndProject
Project("{2150E333-8FDC-42A3-9474-1A3956D46DE8}") = "2.1 - Web API", "2.1 - Web API", "{828EB28B-4133-434B-BC7D-58B9F1CCF255}"
EndProject
Project("{9A19103F-16F7-4668-BE54-9A1E7A4F7556}") = "GBTest.ALC.WebAPI", "GBTest.ALC.WebAPI\GBTest.ALC.WebAPI.csproj", "{FB21750B-557D-4562-857E-174F2AEDB44B}"
EndProject
Project("{2150E333-8FDC-42A3-9474-1A3956D46DE8}") = "4.1.2 - Cross", "4.1.2 - Cross", "{A1D42B6F-A52D-4FAC-8642-D64C71C8391D}"
EndProject
Project("{9A19103F-16F7-4668-BE54-9A1E7A4F7556}") = "GBTest.ALC.Cross", "GBTest.ALC.Cross\GBTest.ALC.Cross.csproj", "{3D6E0952-DBBA-45BC-865D-5AA2064C92F5}"
EndProject
Project("{2150E333-8FDC-42A3-9474-1A3956D46DE8}") = "0 - Tests", "0 - Tests", "{04B12B45-BC87-4B9C-AC73-AE02E71714BD}"
EndProject
Project("{FAE04EC0-301F-11D3-BF4B-00C04F79EFBC}") = "GBTest.ALC.UnitTests", "GBTest.ALC.UnitTests\GBTest.ALC.UnitTests.csproj", "{C99D09AA-7EFE-4AA5-A7C6-B13E2F901AE0}"
EndProject
Project("{2150E333-8FDC-42A3-9474-1A3956D46DE8}") = "Solution Items", "Solution Items", "{7215680A-F3A8-423E-BCBC-E9181EA12966}"
	ProjectSection(SolutionItems) = preProject
		README.md = README.md
	EndProjectSection
EndProject
Global
	GlobalSection(SolutionConfigurationPlatforms) = preSolution
		Debug|Any CPU = Debug|Any CPU
		Release|Any CPU = Release|Any CPU
	EndGlobalSection
	GlobalSection(ProjectConfigurationPlatforms) = postSolution
		{6977476F-A365-4B67-89EF-2AD659A0BE6E}.Debug|Any CPU.ActiveCfg = Debug|Any CPU
		{6977476F-A365-4B67-89EF-2AD659A0BE6E}.Debug|Any CPU.Build.0 = Debug|Any CPU
		{6977476F-A365-4B67-89EF-2AD659A0BE6E}.Release|Any CPU.ActiveCfg = Release|Any CPU
		{6977476F-A365-4B67-89EF-2AD659A0BE6E}.Release|Any CPU.Build.0 = Release|Any CPU
		{EB8520F7-53A7-4C74-9DD8-8DDC0BE2C835}.Debug|Any CPU.ActiveCfg = Debug|Any CPU
		{EB8520F7-53A7-4C74-9DD8-8DDC0BE2C835}.Debug|Any CPU.Build.0 = Debug|Any CPU
		{EB8520F7-53A7-4C74-9DD8-8DDC0BE2C835}.Release|Any CPU.ActiveCfg = Release|Any CPU
		{EB8520F7-53A7-4C74-9DD8-8DDC0BE2C835}.Release|Any CPU.Build.0 = Release|Any CPU
		{FB21750B-557D-4562-857E-174F2AEDB44B}.Debug|Any CPU.ActiveCfg = Debug|Any CPU
		{FB21750B-557D-4562-857E-174F2AEDB44B}.Debug|Any CPU.Build.0 = Debug|Any CPU
		{FB21750B-557D-4562-857E-174F2AEDB44B}.Release|Any CPU.ActiveCfg = Release|Any CPU
		{FB21750B-557D-4562-857E-174F2AEDB44B}.Release|Any CPU.Build.0 = Release|Any CPU
		{3D6E0952-DBBA-45BC-865D-5AA2064C92F5}.Debug|Any CPU.ActiveCfg = Debug|Any CPU
		{3D6E0952-DBBA-45BC-865D-5AA2064C92F5}.Debug|Any CPU.Build.0 = Debug|Any CPU
		{3D6E0952-DBBA-45BC-865D-5AA2064C92F5}.Release|Any CPU.ActiveCfg = Release|Any CPU
		{3D6E0952-DBBA-45BC-865D-5AA2064C92F5}.Release|Any CPU.Build.0 = Release|Any CPU
		{C99D09AA-7EFE-4AA5-A7C6-B13E2F901AE0}.Debug|Any CPU.ActiveCfg = Debug|Any CPU
		{C99D09AA-7EFE-4AA5-A7C6-B13E2F901AE0}.Debug|Any CPU.Build.0 = Debug|Any CPU
		{C99D09AA-7EFE-4AA5-A7C6-B13E2F901AE0}.Release|Any CPU.ActiveCfg = Release|Any CPU
		{C99D09AA-7EFE-4AA5-A7C6-B13E2F901AE0}.Release|Any CPU.Build.0 = Release|Any CPU
	EndGlobalSection
	GlobalSection(SolutionProperties) = preSolution
		HideSolutionNode = FALSE
	EndGlobalSection
	GlobalSection(NestedProjects) = preSolution
		{6977476F-A365-4B67-89EF-2AD659A0BE6E} = {25A169EA-B579-4FCF-98E9-80EF4C1150DB}
		{0B3D2161-C417-44F8-A243-F16BF7CE10E7} = {C6143275-C308-4E42-AF52-881D9C498700}
		{85F9815F-066D-4808-BEF2-3FBE7A6E6ADD} = {0B3D2161-C417-44F8-A243-F16BF7CE10E7}
		{EB8520F7-53A7-4C74-9DD8-8DDC0BE2C835} = {85F9815F-066D-4808-BEF2-3FBE7A6E6ADD}
		{828EB28B-4133-434B-BC7D-58B9F1CCF255} = {43522E0B-B691-4641-8A5B-6D8D04257395}
		{FB21750B-557D-4562-857E-174F2AEDB44B} = {828EB28B-4133-434B-BC7D-58B9F1CCF255}
		{A1D42B6F-A52D-4FAC-8642-D64C71C8391D} = {0B3D2161-C417-44F8-A243-F16BF7CE10E7}
		{3D6E0952-DBBA-45BC-865D-5AA2064C92F5} = {A1D42B6F-A52D-4FAC-8642-D64C71C8391D}
		{C99D09AA-7EFE-4AA5-A7C6-B13E2F901AE0} = {04B12B45-BC87-4B9C-AC73-AE02E71714BD}
	EndGlobalSection
	GlobalSection(ExtensibilityGlobals) = postSolution
		SolutionGuid = {14EB00F9-1DBB-4E3E-AABB-5E06AB473752}
	EndGlobalSection
EndGlobal
