
Microsoft Visual Studio Solution File, Format Version 12.00
# Visual Studio Version 16
VisualStudioVersion = 16.0.29009.5
MinimumVisualStudioVersion = 10.0.40219.1
Project("{FAE04EC0-301F-11D3-BF4B-00C04F79EFBC}") = "TesteWebApi", "TesteWebApi\TesteWebApi.csproj", "{950FBEE3-819A-4FC2-B43C-5CBB1922F517}"
EndProject
Global
	GlobalSection(SolutionConfigurationPlatforms) = preSolution
		Debug|Any CPU = Debug|Any CPU
		Release|Any CPU = Release|Any CPU
	EndGlobalSection
	GlobalSection(ProjectConfigurationPlatforms) = postSolution
		{950FBEE3-819A-4FC2-B43C-5CBB1922F517}.Debug|Any CPU.ActiveCfg = Debug|Any CPU
		{950FBEE3-819A-4FC2-B43C-5CBB1922F517}.Debug|Any CPU.Build.0 = Debug|Any CPU
		{950FBEE3-819A-4FC2-B43C-5CBB1922F517}.Release|Any CPU.ActiveCfg = Release|Any CPU
		{950FBEE3-819A-4FC2-B43C-5CBB1922F517}.Release|Any CPU.Build.0 = Release|Any CPU
	EndGlobalSection
	GlobalSection(SolutionProperties) = preSolution
		HideSolutionNode = FALSE
	EndGlobalSection
	GlobalSection(ExtensibilityGlobals) = postSolution
		SolutionGuid = {46AC8C14-2B06-44C8-B70C-08BEFB5CD8F2}
	EndGlobalSection
EndGlobal
