
Microsoft Visual Studio Solution File, Format Version 12.00
# Visual Studio Version 16
VisualStudioVersion = 16.0.31402.337
MinimumVisualStudioVersion = 10.0.40219.1
Project("{FAE04EC0-301F-11D3-BF4B-00C04F79EFBC}") = "TesteBelezaNaWeb.API", "TesteBelezaNaWeb.API.csproj", "{8C5C7E02-99CB-44F0-A7EB-2CD0B3644EF2}"
EndProject
Global
	GlobalSection(SolutionConfigurationPlatforms) = preSolution
		Debug|Any CPU = Debug|Any CPU
		Release|Any CPU = Release|Any CPU
	EndGlobalSection
	GlobalSection(ProjectConfigurationPlatforms) = postSolution
		{8C5C7E02-99CB-44F0-A7EB-2CD0B3644EF2}.Debug|Any CPU.ActiveCfg = Debug|Any CPU
		{8C5C7E02-99CB-44F0-A7EB-2CD0B3644EF2}.Debug|Any CPU.Build.0 = Debug|Any CPU
		{8C5C7E02-99CB-44F0-A7EB-2CD0B3644EF2}.Release|Any CPU.ActiveCfg = Release|Any CPU
		{8C5C7E02-99CB-44F0-A7EB-2CD0B3644EF2}.Release|Any CPU.Build.0 = Release|Any CPU
	EndGlobalSection
	GlobalSection(SolutionProperties) = preSolution
		HideSolutionNode = FALSE
	EndGlobalSection
	GlobalSection(ExtensibilityGlobals) = postSolution
		SolutionGuid = {7D37F13A-9379-4AA7-8D17-71D1CE3D58FD}
	EndGlobalSection
EndGlobal
