
Microsoft Visual Studio Solution File, Format Version 12.00
# Visual Studio 15
VisualStudioVersion = 15.0.28307.489
MinimumVisualStudioVersion = 10.0.40219.1
Project("{9A19103F-16F7-4668-BE54-9A1E7A4F7556}") = "belezaweb", "belezaweb\belezaweb.csproj", "{C6347638-2AB8-459A-9CEF-AE24974620F8}"
EndProject
Global
	GlobalSection(SolutionConfigurationPlatforms) = preSolution
		Debug|Any CPU = Debug|Any CPU
		Release|Any CPU = Release|Any CPU
	EndGlobalSection
	GlobalSection(ProjectConfigurationPlatforms) = postSolution
		{C6347638-2AB8-459A-9CEF-AE24974620F8}.Debug|Any CPU.ActiveCfg = Debug|Any CPU
		{C6347638-2AB8-459A-9CEF-AE24974620F8}.Debug|Any CPU.Build.0 = Debug|Any CPU
		{C6347638-2AB8-459A-9CEF-AE24974620F8}.Release|Any CPU.ActiveCfg = Release|Any CPU
		{C6347638-2AB8-459A-9CEF-AE24974620F8}.Release|Any CPU.Build.0 = Release|Any CPU
	EndGlobalSection
	GlobalSection(SolutionProperties) = preSolution
		HideSolutionNode = FALSE
	EndGlobalSection
	GlobalSection(ExtensibilityGlobals) = postSolution
		SolutionGuid = {D4C02008-600E-4719-B1C9-1A3C2CF83FEC}
	EndGlobalSection
EndGlobal
