
Microsoft Visual Studio Solution File, Format Version 12.00
# Visual Studio Version 17
VisualStudioVersion = 17.0.32014.148
MinimumVisualStudioVersion = 10.0.40219.1
Project("{FAE04EC0-301F-11D3-BF4B-00C04F79EFBC}") = "BackEndTest.Domain", "BackEndTest.Domain\BackEndTest.Domain.csproj", "{391ADD19-7DAD-4A14-B1AE-B63F7748D3E1}"
EndProject
Project("{FAE04EC0-301F-11D3-BF4B-00C04F79EFBC}") = "BackEndTest.Infra.Data", "BackEndTest.Infra.Data\BackEndTest.Infra.Data.csproj", "{E655FA04-5325-44B0-B2D8-9EA41A2FB701}"
EndProject
Project("{FAE04EC0-301F-11D3-BF4B-00C04F79EFBC}") = "BackEndTest.Application", "BackEndTest.Application\BackEndTest.Application.csproj", "{A35241E9-016C-4EF0-9F42-8EF9A2BB2AC2}"
EndProject
Project("{FAE04EC0-301F-11D3-BF4B-00C04F79EFBC}") = "BackEndTest.Infra.IoC", "BackEndTest.Infra.IoC\BackEndTest.Infra.IoC.csproj", "{90995961-2F63-4B10-8451-03BC2C2369D0}"
EndProject
Project("{FAE04EC0-301F-11D3-BF4B-00C04F79EFBC}") = "BackEndTest.WebAPI", "BackEndTest.WebAPI\BackEndTest.WebAPI.csproj", "{5656E874-50F3-496D-BA00-8486FBC0BF44}"
EndProject
Global
	GlobalSection(SolutionConfigurationPlatforms) = preSolution
		Debug|Any CPU = Debug|Any CPU
		Release|Any CPU = Release|Any CPU
	EndGlobalSection
	GlobalSection(ProjectConfigurationPlatforms) = postSolution
		{391ADD19-7DAD-4A14-B1AE-B63F7748D3E1}.Debug|Any CPU.ActiveCfg = Debug|Any CPU
		{391ADD19-7DAD-4A14-B1AE-B63F7748D3E1}.Debug|Any CPU.Build.0 = Debug|Any CPU
		{391ADD19-7DAD-4A14-B1AE-B63F7748D3E1}.Release|Any CPU.ActiveCfg = Release|Any CPU
		{391ADD19-7DAD-4A14-B1AE-B63F7748D3E1}.Release|Any CPU.Build.0 = Release|Any CPU
		{E655FA04-5325-44B0-B2D8-9EA41A2FB701}.Debug|Any CPU.ActiveCfg = Debug|Any CPU
		{E655FA04-5325-44B0-B2D8-9EA41A2FB701}.Debug|Any CPU.Build.0 = Debug|Any CPU
		{E655FA04-5325-44B0-B2D8-9EA41A2FB701}.Release|Any CPU.ActiveCfg = Release|Any CPU
		{E655FA04-5325-44B0-B2D8-9EA41A2FB701}.Release|Any CPU.Build.0 = Release|Any CPU
		{A35241E9-016C-4EF0-9F42-8EF9A2BB2AC2}.Debug|Any CPU.ActiveCfg = Debug|Any CPU
		{A35241E9-016C-4EF0-9F42-8EF9A2BB2AC2}.Debug|Any CPU.Build.0 = Debug|Any CPU
		{A35241E9-016C-4EF0-9F42-8EF9A2BB2AC2}.Release|Any CPU.ActiveCfg = Release|Any CPU
		{A35241E9-016C-4EF0-9F42-8EF9A2BB2AC2}.Release|Any CPU.Build.0 = Release|Any CPU
		{90995961-2F63-4B10-8451-03BC2C2369D0}.Debug|Any CPU.ActiveCfg = Debug|Any CPU
		{90995961-2F63-4B10-8451-03BC2C2369D0}.Debug|Any CPU.Build.0 = Debug|Any CPU
		{90995961-2F63-4B10-8451-03BC2C2369D0}.Release|Any CPU.ActiveCfg = Release|Any CPU
		{90995961-2F63-4B10-8451-03BC2C2369D0}.Release|Any CPU.Build.0 = Release|Any CPU
		{5656E874-50F3-496D-BA00-8486FBC0BF44}.Debug|Any CPU.ActiveCfg = Debug|Any CPU
		{5656E874-50F3-496D-BA00-8486FBC0BF44}.Debug|Any CPU.Build.0 = Debug|Any CPU
		{5656E874-50F3-496D-BA00-8486FBC0BF44}.Release|Any CPU.ActiveCfg = Release|Any CPU
		{5656E874-50F3-496D-BA00-8486FBC0BF44}.Release|Any CPU.Build.0 = Release|Any CPU
	EndGlobalSection
	GlobalSection(SolutionProperties) = preSolution
		HideSolutionNode = FALSE
	EndGlobalSection
	GlobalSection(ExtensibilityGlobals) = postSolution
		SolutionGuid = {3229EADB-9692-4F9D-AE3B-966DEBBFE955}
	EndGlobalSection
EndGlobal
