
Microsoft Visual Studio Solution File, Format Version 12.00
# Visual Studio Version 16
VisualStudioVersion = 16.0.30128.74
MinimumVisualStudioVersion = 10.0.40219.1
Project("{9A19103F-16F7-4668-BE54-9A1E7A4F7556}") = "web-beauty", "web-beauty\web-beauty.csproj", "{6C9C9413-7BAE-48AC-BA10-9D4F76630B48}"
EndProject
Project("{FAE04EC0-301F-11D3-BF4B-00C04F79EFBC}") = "web-beauty-tests", "web-beauty-tests\web-beauty-tests.csproj", "{02AC86B8-2CEB-4D36-83D0-A765649B139C}"
EndProject
Global
	GlobalSection(SolutionConfigurationPlatforms) = preSolution
		Debug|Any CPU = Debug|Any CPU
		Release|Any CPU = Release|Any CPU
	EndGlobalSection
	GlobalSection(ProjectConfigurationPlatforms) = postSolution
		{6C9C9413-7BAE-48AC-BA10-9D4F76630B48}.Debug|Any CPU.ActiveCfg = Debug|Any CPU
		{6C9C9413-7BAE-48AC-BA10-9D4F76630B48}.Debug|Any CPU.Build.0 = Debug|Any CPU
		{6C9C9413-7BAE-48AC-BA10-9D4F76630B48}.Release|Any CPU.ActiveCfg = Release|Any CPU
		{6C9C9413-7BAE-48AC-BA10-9D4F76630B48}.Release|Any CPU.Build.0 = Release|Any CPU
		{02AC86B8-2CEB-4D36-83D0-A765649B139C}.Debug|Any CPU.ActiveCfg = Debug|Any CPU
		{02AC86B8-2CEB-4D36-83D0-A765649B139C}.Debug|Any CPU.Build.0 = Debug|Any CPU
		{02AC86B8-2CEB-4D36-83D0-A765649B139C}.Release|Any CPU.ActiveCfg = Release|Any CPU
		{02AC86B8-2CEB-4D36-83D0-A765649B139C}.Release|Any CPU.Build.0 = Release|Any CPU
	EndGlobalSection
	GlobalSection(SolutionProperties) = preSolution
		HideSolutionNode = FALSE
	EndGlobalSection
	GlobalSection(ExtensibilityGlobals) = postSolution
		SolutionGuid = {64945C6E-0B16-484F-B5F0-F5AAAE7811B5}
	EndGlobalSection
EndGlobal
