
Microsoft Visual Studio Solution File, Format Version 12.00
# Visual Studio Version 16
VisualStudioVersion = 16.0.31605.320
MinimumVisualStudioVersion = 10.0.40219.1
Project("{9A19103F-16F7-4668-BE54-9A1E7A4F7556}") = "TesteVagaBoticario.Api", "TesteVagaBoticario.Api\TesteVagaBoticario.Api.csproj", "{8FA75854-8F4D-419A-8241-5AC9D394A0EC}"
EndProject
Project("{9A19103F-16F7-4668-BE54-9A1E7A4F7556}") = "TesteVagaBoticario.Negocio", "TesteVagaBoticario.Negocio\TesteVagaBoticario.Negocio.csproj", "{8A257182-B81E-40A8-ABBD-9BF13FEE134F}"
EndProject
Project("{9A19103F-16F7-4668-BE54-9A1E7A4F7556}") = "TesteVagaBoticario.Interfaces", "TesteVagaBoticario.Interfaces\TesteVagaBoticario.Interfaces.csproj", "{CD04C204-ED2D-428F-A108-533BE46F967A}"
EndProject
Project("{9A19103F-16F7-4668-BE54-9A1E7A4F7556}") = "TesteVagaBoticario.ServicoMapeador", "TesteVagaBoticario.ServicoMapeador\TesteVagaBoticario.ServicoMapeador.csproj", "{FE30C4A2-06AD-4068-ADF9-2B37BD791A7E}"
EndProject
Project("{FAE04EC0-301F-11D3-BF4B-00C04F79EFBC}") = "TesteVagaBoticario.Teste", "TesteVagaBoticario.Teste\TesteVagaBoticario.Teste.csproj", "{C5B989DA-A1D7-43C1-B7E2-4456D7E06B45}"
EndProject
Global
	GlobalSection(SolutionConfigurationPlatforms) = preSolution
		Debug|Any CPU = Debug|Any CPU
		Release|Any CPU = Release|Any CPU
	EndGlobalSection
	GlobalSection(ProjectConfigurationPlatforms) = postSolution
		{8FA75854-8F4D-419A-8241-5AC9D394A0EC}.Debug|Any CPU.ActiveCfg = Debug|Any CPU
		{8FA75854-8F4D-419A-8241-5AC9D394A0EC}.Debug|Any CPU.Build.0 = Debug|Any CPU
		{8FA75854-8F4D-419A-8241-5AC9D394A0EC}.Release|Any CPU.ActiveCfg = Release|Any CPU
		{8FA75854-8F4D-419A-8241-5AC9D394A0EC}.Release|Any CPU.Build.0 = Release|Any CPU
		{8A257182-B81E-40A8-ABBD-9BF13FEE134F}.Debug|Any CPU.ActiveCfg = Debug|Any CPU
		{8A257182-B81E-40A8-ABBD-9BF13FEE134F}.Debug|Any CPU.Build.0 = Debug|Any CPU
		{8A257182-B81E-40A8-ABBD-9BF13FEE134F}.Release|Any CPU.ActiveCfg = Release|Any CPU
		{8A257182-B81E-40A8-ABBD-9BF13FEE134F}.Release|Any CPU.Build.0 = Release|Any CPU
		{CD04C204-ED2D-428F-A108-533BE46F967A}.Debug|Any CPU.ActiveCfg = Debug|Any CPU
		{CD04C204-ED2D-428F-A108-533BE46F967A}.Debug|Any CPU.Build.0 = Debug|Any CPU
		{CD04C204-ED2D-428F-A108-533BE46F967A}.Release|Any CPU.ActiveCfg = Release|Any CPU
		{CD04C204-ED2D-428F-A108-533BE46F967A}.Release|Any CPU.Build.0 = Release|Any CPU
		{FE30C4A2-06AD-4068-ADF9-2B37BD791A7E}.Debug|Any CPU.ActiveCfg = Debug|Any CPU
		{FE30C4A2-06AD-4068-ADF9-2B37BD791A7E}.Debug|Any CPU.Build.0 = Debug|Any CPU
		{FE30C4A2-06AD-4068-ADF9-2B37BD791A7E}.Release|Any CPU.ActiveCfg = Release|Any CPU
		{FE30C4A2-06AD-4068-ADF9-2B37BD791A7E}.Release|Any CPU.Build.0 = Release|Any CPU
		{C5B989DA-A1D7-43C1-B7E2-4456D7E06B45}.Debug|Any CPU.ActiveCfg = Debug|Any CPU
		{C5B989DA-A1D7-43C1-B7E2-4456D7E06B45}.Debug|Any CPU.Build.0 = Debug|Any CPU
		{C5B989DA-A1D7-43C1-B7E2-4456D7E06B45}.Release|Any CPU.ActiveCfg = Release|Any CPU
		{C5B989DA-A1D7-43C1-B7E2-4456D7E06B45}.Release|Any CPU.Build.0 = Release|Any CPU
	EndGlobalSection
	GlobalSection(SolutionProperties) = preSolution
		HideSolutionNode = FALSE
	EndGlobalSection
	GlobalSection(ExtensibilityGlobals) = postSolution
		SolutionGuid = {759F7C0A-906A-476C-9623-553D58CA3913}
	EndGlobalSection
EndGlobal
