
Microsoft Visual Studio Solution File, Format Version 12.00
# Visual Studio 15
VisualStudioVersion = 15.0.28307.136
MinimumVisualStudioVersion = 10.0.40219.1
Project("{FAE04EC0-301F-11D3-BF4B-00C04F79EFBC}") = "WebAPI", "WebAPI\WebAPI.csproj", "{6A8AD4BB-804C-404C-8AB0-98747A4424DB}"
EndProject
Global
	GlobalSection(SolutionConfigurationPlatforms) = preSolution
		Debug|Any CPU = Debug|Any CPU
		Release|Any CPU = Release|Any CPU
	EndGlobalSection
	GlobalSection(ProjectConfigurationPlatforms) = postSolution
		{6A8AD4BB-804C-404C-8AB0-98747A4424DB}.Debug|Any CPU.ActiveCfg = Debug|Any CPU
		{6A8AD4BB-804C-404C-8AB0-98747A4424DB}.Debug|Any CPU.Build.0 = Debug|Any CPU
		{6A8AD4BB-804C-404C-8AB0-98747A4424DB}.Release|Any CPU.ActiveCfg = Release|Any CPU
		{6A8AD4BB-804C-404C-8AB0-98747A4424DB}.Release|Any CPU.Build.0 = Release|Any CPU
	EndGlobalSection
	GlobalSection(SolutionProperties) = preSolution
		HideSolutionNode = FALSE
	EndGlobalSection
	GlobalSection(ExtensibilityGlobals) = postSolution
		SolutionGuid = {986A0915-CBF4-4535-ACCD-B9FBAB30F38D}
	EndGlobalSection
EndGlobal
