
Microsoft Visual Studio Solution File, Format Version 12.00
# Visual Studio Version 16
VisualStudioVersion = 16.0.30011.22
MinimumVisualStudioVersion = 10.0.40219.1
Project("{9A19103F-16F7-4668-BE54-9A1E7A4F7556}") = "Boticario.Backend.Controllers", "Controllers\Boticario.Backend.Controllers\Boticario.Backend.Controllers.csproj", "{8CD3E5B3-63D8-4D9C-8A60-5BDFDB08CE66}"
EndProject
Project("{2150E333-8FDC-42A3-9474-1A3956D46DE8}") = "Modules", "Modules", "{0312EE75-491B-4585-BA8E-A28C3C61A98C}"
EndProject
Project("{9A19103F-16F7-4668-BE54-9A1E7A4F7556}") = "Boticario.Backend.Modules.Products", "Modules\Products\Boticario.Backend.Modules.Products\Boticario.Backend.Modules.Products.csproj", "{7C0B4705-9CE8-4730-82E4-FE9C57C1BD0C}"
EndProject
Project("{2150E333-8FDC-42A3-9474-1A3956D46DE8}") = "Controllers", "Controllers", "{4F1A1C95-A828-48B4-A8E5-742B60652306}"
EndProject
Project("{2150E333-8FDC-42A3-9474-1A3956D46DE8}") = "Products", "Products", "{841A4AEA-A406-47E0-B680-262167000711}"
EndProject
Project("{2150E333-8FDC-42A3-9474-1A3956D46DE8}") = "Inventory", "Inventory", "{1B7992F1-0689-4DEE-ABE1-58A6837F78E8}"
EndProject
Project("{9A19103F-16F7-4668-BE54-9A1E7A4F7556}") = "Boticario.Backend.Modules.Inventory", "Modules\Inventory\Boticario.Backend.Modules.Inventory\Boticario.Backend.Modules.Inventory.csproj", "{68EC7819-81E0-4387-8A35-C5A67D4B1497}"
EndProject
Project("{2150E333-8FDC-42A3-9474-1A3956D46DE8}") = "Solution Items", "Solution Items", "{AAF0CB83-97C3-48A3-AE4A-960B878BF102}"
	ProjectSection(SolutionItems) = preProject
		.editorconfig = .editorconfig
	EndProjectSection
EndProject
Project("{2150E333-8FDC-42A3-9474-1A3956D46DE8}") = "Data", "Data", "{5F01D6F2-15AC-4543-AD50-A5230E5272CE}"
EndProject
Project("{FAE04EC0-301F-11D3-BF4B-00C04F79EFBC}") = "Boticario.Backend.Data.UnitOfWork", "Data\UnitOfWork\Boticario.Backend.Data.UnitOfWork\Boticario.Backend.Data.UnitOfWork.csproj", "{B1A0B729-FD72-4546-845C-106EE5C4FA65}"
EndProject
Project("{2150E333-8FDC-42A3-9474-1A3956D46DE8}") = "UnifOfWork", "UnifOfWork", "{3DA25D04-B10A-4F3F-9E90-2C94325AA062}"
EndProject
Project("{2150E333-8FDC-42A3-9474-1A3956D46DE8}") = "DatabaseContext", "DatabaseContext", "{8CB0B4A8-6AF4-4439-A7CB-B1E84EAEF269}"
EndProject
Project("{FAE04EC0-301F-11D3-BF4B-00C04F79EFBC}") = "Boticario.Backend.Data.DatabaseContext", "Data\DatabaseContext\Boticario.Backend.Data.DatabaseContext\Boticario.Backend.Data.DatabaseContext.csproj", "{CFDEEE8D-6A91-42E6-A19B-C4049C10CB48}"
EndProject
Project("{2150E333-8FDC-42A3-9474-1A3956D46DE8}") = "Connection", "Connection", "{E61F2E33-B728-4D67-BB66-3D914ED0E293}"
EndProject
Project("{FAE04EC0-301F-11D3-BF4B-00C04F79EFBC}") = "Boticario.Backend.Data.Connection", "Data\Connection\Boticario.Backend.Data.Connection\Boticario.Backend.Data.Connection.csproj", "{71B91225-678D-459C-ACE6-2FEFC7281DF5}"
EndProject
Project("{2150E333-8FDC-42A3-9474-1A3956D46DE8}") = "Command", "Command", "{7E07EAFD-5779-47AD-B290-D8FE2F45B8B1}"
EndProject
Project("{FAE04EC0-301F-11D3-BF4B-00C04F79EFBC}") = "Boticario.Backend.Data.Commands", "Data\Commands\Boticario.Backend.Data.Commands\Boticario.Backend.Data.Commands.csproj", "{2DB8A5FB-FCD0-4961-BDAB-802975DC93B7}"
EndProject
Global
	GlobalSection(SolutionConfigurationPlatforms) = preSolution
		Debug|Any CPU = Debug|Any CPU
		Release|Any CPU = Release|Any CPU
	EndGlobalSection
	GlobalSection(ProjectConfigurationPlatforms) = postSolution
		{8CD3E5B3-63D8-4D9C-8A60-5BDFDB08CE66}.Debug|Any CPU.ActiveCfg = Debug|Any CPU
		{8CD3E5B3-63D8-4D9C-8A60-5BDFDB08CE66}.Debug|Any CPU.Build.0 = Debug|Any CPU
		{8CD3E5B3-63D8-4D9C-8A60-5BDFDB08CE66}.Release|Any CPU.ActiveCfg = Release|Any CPU
		{8CD3E5B3-63D8-4D9C-8A60-5BDFDB08CE66}.Release|Any CPU.Build.0 = Release|Any CPU
		{7C0B4705-9CE8-4730-82E4-FE9C57C1BD0C}.Debug|Any CPU.ActiveCfg = Debug|Any CPU
		{7C0B4705-9CE8-4730-82E4-FE9C57C1BD0C}.Debug|Any CPU.Build.0 = Debug|Any CPU
		{7C0B4705-9CE8-4730-82E4-FE9C57C1BD0C}.Release|Any CPU.ActiveCfg = Release|Any CPU
		{7C0B4705-9CE8-4730-82E4-FE9C57C1BD0C}.Release|Any CPU.Build.0 = Release|Any CPU
		{68EC7819-81E0-4387-8A35-C5A67D4B1497}.Debug|Any CPU.ActiveCfg = Debug|Any CPU
		{68EC7819-81E0-4387-8A35-C5A67D4B1497}.Debug|Any CPU.Build.0 = Debug|Any CPU
		{68EC7819-81E0-4387-8A35-C5A67D4B1497}.Release|Any CPU.ActiveCfg = Release|Any CPU
		{68EC7819-81E0-4387-8A35-C5A67D4B1497}.Release|Any CPU.Build.0 = Release|Any CPU
		{B1A0B729-FD72-4546-845C-106EE5C4FA65}.Debug|Any CPU.ActiveCfg = Debug|Any CPU
		{B1A0B729-FD72-4546-845C-106EE5C4FA65}.Debug|Any CPU.Build.0 = Debug|Any CPU
		{B1A0B729-FD72-4546-845C-106EE5C4FA65}.Release|Any CPU.ActiveCfg = Release|Any CPU
		{B1A0B729-FD72-4546-845C-106EE5C4FA65}.Release|Any CPU.Build.0 = Release|Any CPU
		{CFDEEE8D-6A91-42E6-A19B-C4049C10CB48}.Debug|Any CPU.ActiveCfg = Debug|Any CPU
		{CFDEEE8D-6A91-42E6-A19B-C4049C10CB48}.Debug|Any CPU.Build.0 = Debug|Any CPU
		{CFDEEE8D-6A91-42E6-A19B-C4049C10CB48}.Release|Any CPU.ActiveCfg = Release|Any CPU
		{CFDEEE8D-6A91-42E6-A19B-C4049C10CB48}.Release|Any CPU.Build.0 = Release|Any CPU
		{71B91225-678D-459C-ACE6-2FEFC7281DF5}.Debug|Any CPU.ActiveCfg = Debug|Any CPU
		{71B91225-678D-459C-ACE6-2FEFC7281DF5}.Debug|Any CPU.Build.0 = Debug|Any CPU
		{71B91225-678D-459C-ACE6-2FEFC7281DF5}.Release|Any CPU.ActiveCfg = Release|Any CPU
		{71B91225-678D-459C-ACE6-2FEFC7281DF5}.Release|Any CPU.Build.0 = Release|Any CPU
		{2DB8A5FB-FCD0-4961-BDAB-802975DC93B7}.Debug|Any CPU.ActiveCfg = Debug|Any CPU
		{2DB8A5FB-FCD0-4961-BDAB-802975DC93B7}.Debug|Any CPU.Build.0 = Debug|Any CPU
		{2DB8A5FB-FCD0-4961-BDAB-802975DC93B7}.Release|Any CPU.ActiveCfg = Release|Any CPU
		{2DB8A5FB-FCD0-4961-BDAB-802975DC93B7}.Release|Any CPU.Build.0 = Release|Any CPU
	EndGlobalSection
	GlobalSection(SolutionProperties) = preSolution
		HideSolutionNode = FALSE
	EndGlobalSection
	GlobalSection(NestedProjects) = preSolution
		{8CD3E5B3-63D8-4D9C-8A60-5BDFDB08CE66} = {4F1A1C95-A828-48B4-A8E5-742B60652306}
		{7C0B4705-9CE8-4730-82E4-FE9C57C1BD0C} = {841A4AEA-A406-47E0-B680-262167000711}
		{841A4AEA-A406-47E0-B680-262167000711} = {0312EE75-491B-4585-BA8E-A28C3C61A98C}
		{1B7992F1-0689-4DEE-ABE1-58A6837F78E8} = {0312EE75-491B-4585-BA8E-A28C3C61A98C}
		{68EC7819-81E0-4387-8A35-C5A67D4B1497} = {1B7992F1-0689-4DEE-ABE1-58A6837F78E8}
		{B1A0B729-FD72-4546-845C-106EE5C4FA65} = {3DA25D04-B10A-4F3F-9E90-2C94325AA062}
		{3DA25D04-B10A-4F3F-9E90-2C94325AA062} = {5F01D6F2-15AC-4543-AD50-A5230E5272CE}
		{8CB0B4A8-6AF4-4439-A7CB-B1E84EAEF269} = {5F01D6F2-15AC-4543-AD50-A5230E5272CE}
		{CFDEEE8D-6A91-42E6-A19B-C4049C10CB48} = {8CB0B4A8-6AF4-4439-A7CB-B1E84EAEF269}
		{E61F2E33-B728-4D67-BB66-3D914ED0E293} = {5F01D6F2-15AC-4543-AD50-A5230E5272CE}
		{71B91225-678D-459C-ACE6-2FEFC7281DF5} = {E61F2E33-B728-4D67-BB66-3D914ED0E293}
		{7E07EAFD-5779-47AD-B290-D8FE2F45B8B1} = {5F01D6F2-15AC-4543-AD50-A5230E5272CE}
		{2DB8A5FB-FCD0-4961-BDAB-802975DC93B7} = {7E07EAFD-5779-47AD-B290-D8FE2F45B8B1}
	EndGlobalSection
	GlobalSection(ExtensibilityGlobals) = postSolution
		SolutionGuid = {38766208-2119-433D-85C2-8B481A4F238E}
	EndGlobalSection
EndGlobal
