
Microsoft Visual Studio Solution File, Format Version 12.00
# Visual Studio Version 16
VisualStudioVersion = 16.0.31112.23
MinimumVisualStudioVersion = 10.0.40219.1
Project("{9A19103F-16F7-4668-BE54-9A1E7A4F7556}") = "GrupoBoticario.API", "GrupoBoticario.API\GrupoBoticario.API.csproj", "{4284D916-BE2A-47CE-B2F6-B4EFD779ADCE}"
EndProject
Project("{FAE04EC0-301F-11D3-BF4B-00C04F79EFBC}") = "GrupoBoticario.Testes", "GrupoBoticario.Testes\GrupoBoticario.Testes.csproj", "{5C881B94-1403-428F-869D-452A41730B07}"
EndProject
Global
	GlobalSection(SolutionConfigurationPlatforms) = preSolution
		Debug|Any CPU = Debug|Any CPU
		Release|Any CPU = Release|Any CPU
	EndGlobalSection
	GlobalSection(ProjectConfigurationPlatforms) = postSolution
		{4284D916-BE2A-47CE-B2F6-B4EFD779ADCE}.Debug|Any CPU.ActiveCfg = Debug|Any CPU
		{4284D916-BE2A-47CE-B2F6-B4EFD779ADCE}.Debug|Any CPU.Build.0 = Debug|Any CPU
		{4284D916-BE2A-47CE-B2F6-B4EFD779ADCE}.Release|Any CPU.ActiveCfg = Release|Any CPU
		{4284D916-BE2A-47CE-B2F6-B4EFD779ADCE}.Release|Any CPU.Build.0 = Release|Any CPU
		{5C881B94-1403-428F-869D-452A41730B07}.Debug|Any CPU.ActiveCfg = Debug|Any CPU
		{5C881B94-1403-428F-869D-452A41730B07}.Debug|Any CPU.Build.0 = Debug|Any CPU
		{5C881B94-1403-428F-869D-452A41730B07}.Release|Any CPU.ActiveCfg = Release|Any CPU
		{5C881B94-1403-428F-869D-452A41730B07}.Release|Any CPU.Build.0 = Release|Any CPU
	EndGlobalSection
	GlobalSection(SolutionProperties) = preSolution
		HideSolutionNode = FALSE
	EndGlobalSection
	GlobalSection(ExtensibilityGlobals) = postSolution
		SolutionGuid = {E00B7200-5B80-4FA5-B701-3BC943A7FFF4}
	EndGlobalSection
EndGlobal
