
Microsoft Visual Studio Solution File, Format Version 12.00
# Visual Studio 15
Project("{FAE04EC0-301F-11D3-BF4B-00C04F79EFBC}") = "BNW_RestFullAPI", "BNW_RestFullAPI\BNW_RestFullAPI.csproj", "{36DF5A56-545A-4FC1-BD90-03F6C9FDDD5E}"
EndProject
Project("{FAE04EC0-301F-11D3-BF4B-00C04F79EFBC}") = "BNW_RestFullAPI.Tests", "BNW_RestFullAPI.Tests\BNW_RestFullAPI.Tests.csproj", "{A8D1138A-C22A-4128-AA67-2D82C05E2C45}"
EndProject
Global
	GlobalSection(SolutionConfigurationPlatforms) = preSolution
		Debug|Any CPU = Debug|Any CPU
		Release|Any CPU = Release|Any CPU
	EndGlobalSection
	GlobalSection(ProjectConfigurationPlatforms) = postSolution
		{36DF5A56-545A-4FC1-BD90-03F6C9FDDD5E}.Debug|Any CPU.ActiveCfg = Debug|Any CPU
		{36DF5A56-545A-4FC1-BD90-03F6C9FDDD5E}.Debug|Any CPU.Build.0 = Debug|Any CPU
		{36DF5A56-545A-4FC1-BD90-03F6C9FDDD5E}.Release|Any CPU.ActiveCfg = Release|Any CPU
		{36DF5A56-545A-4FC1-BD90-03F6C9FDDD5E}.Release|Any CPU.Build.0 = Release|Any CPU
		{A8D1138A-C22A-4128-AA67-2D82C05E2C45}.Debug|Any CPU.ActiveCfg = Debug|Any CPU
		{A8D1138A-C22A-4128-AA67-2D82C05E2C45}.Debug|Any CPU.Build.0 = Debug|Any CPU
		{A8D1138A-C22A-4128-AA67-2D82C05E2C45}.Release|Any CPU.ActiveCfg = Release|Any CPU
		{A8D1138A-C22A-4128-AA67-2D82C05E2C45}.Release|Any CPU.Build.0 = Release|Any CPU
	EndGlobalSection
EndGlobal
