
Microsoft Visual Studio Solution File, Format Version 12.00
# Visual Studio Version 16
VisualStudioVersion = 16.0.30717.126
MinimumVisualStudioVersion = 10.0.40219.1
Project("{FAE04EC0-301F-11D3-BF4B-00C04F79EFBC}") = "BelezaNaWeb.API", "BelezaNaWeb.API\BelezaNaWeb.API.csproj", "{C6262FD8-AC22-43DE-9AB5-0BB1855E9BEA}"
EndProject
Global
	GlobalSection(SolutionConfigurationPlatforms) = preSolution
		Debug|Any CPU = Debug|Any CPU
		Release|Any CPU = Release|Any CPU
	EndGlobalSection
	GlobalSection(ProjectConfigurationPlatforms) = postSolution
		{C6262FD8-AC22-43DE-9AB5-0BB1855E9BEA}.Debug|Any CPU.ActiveCfg = Debug|Any CPU
		{C6262FD8-AC22-43DE-9AB5-0BB1855E9BEA}.Debug|Any CPU.Build.0 = Debug|Any CPU
		{C6262FD8-AC22-43DE-9AB5-0BB1855E9BEA}.Release|Any CPU.ActiveCfg = Release|Any CPU
		{C6262FD8-AC22-43DE-9AB5-0BB1855E9BEA}.Release|Any CPU.Build.0 = Release|Any CPU
	EndGlobalSection
	GlobalSection(SolutionProperties) = preSolution
		HideSolutionNode = FALSE
	EndGlobalSection
	GlobalSection(ExtensibilityGlobals) = postSolution
		SolutionGuid = {A847931E-A409-4384-B4E1-41B216455172}
	EndGlobalSection
EndGlobal
