
Microsoft Visual Studio Solution File, Format Version 12.00
# Visual Studio Version 16
VisualStudioVersion = 16.0.30717.126
MinimumVisualStudioVersion = 10.0.40219.1
Project("{9A19103F-16F7-4668-BE54-9A1E7A4F7556}") = "BelezaNaWeb.API", "BelezaNaWeb.API\BelezaNaWeb.API.csproj", "{C6262FD8-AC22-43DE-9AB5-0BB1855E9BEA}"
EndProject
Project("{9A19103F-16F7-4668-BE54-9A1E7A4F7556}") = "BelezaNaWeb.Data", "BelezaNaWeb.Data\BelezaNaWeb.Data.csproj", "{3A02BF67-17FC-4F1D-ACEC-2FFCE679E2FA}"
EndProject
Project("{9A19103F-16F7-4668-BE54-9A1E7A4F7556}") = "BelezaNaWeb.Services", "BelezaNaWeb.Services\BelezaNaWeb.Services.csproj", "{2BB3B5AC-2DA2-4CA0-8F5C-69663F92238F}"
EndProject
Project("{FAE04EC0-301F-11D3-BF4B-00C04F79EFBC}") = "BelezaNaWebTests.cs", "BelezaNaWebTests.cs\BelezaNaWebTests.cs.csproj", "{66B845EB-2FF7-4935-B5AB-A91176A4ADDB}"
EndProject
Project("{2150E333-8FDC-42A3-9474-1A3956D46DE8}") = "API", "API", "{5A15C6E9-33EE-4D97-9A2A-6AF2AE350631}"
EndProject
Project("{2150E333-8FDC-42A3-9474-1A3956D46DE8}") = "Data", "Data", "{C63561EB-16F8-49C5-8C6A-CF6752549566}"
EndProject
Project("{2150E333-8FDC-42A3-9474-1A3956D46DE8}") = "Services", "Services", "{E722B496-695B-412E-820B-F0243D941457}"
EndProject
Project("{2150E333-8FDC-42A3-9474-1A3956D46DE8}") = "Tests", "Tests", "{3AF0A155-DAC0-4C71-B214-BB8D690D21AB}"
EndProject
Global
	GlobalSection(SolutionConfigurationPlatforms) = preSolution
		Debug|Any CPU = Debug|Any CPU
		Release|Any CPU = Release|Any CPU
	EndGlobalSection
	GlobalSection(ProjectConfigurationPlatforms) = postSolution
		{C6262FD8-AC22-43DE-9AB5-0BB1855E9BEA}.Debug|Any CPU.ActiveCfg = Debug|Any CPU
		{C6262FD8-AC22-43DE-9AB5-0BB1855E9BEA}.Debug|Any CPU.Build.0 = Debug|Any CPU
		{C6262FD8-AC22-43DE-9AB5-0BB1855E9BEA}.Release|Any CPU.ActiveCfg = Release|Any CPU
		{C6262FD8-AC22-43DE-9AB5-0BB1855E9BEA}.Release|Any CPU.Build.0 = Release|Any CPU
		{3A02BF67-17FC-4F1D-ACEC-2FFCE679E2FA}.Debug|Any CPU.ActiveCfg = Debug|Any CPU
		{3A02BF67-17FC-4F1D-ACEC-2FFCE679E2FA}.Debug|Any CPU.Build.0 = Debug|Any CPU
		{3A02BF67-17FC-4F1D-ACEC-2FFCE679E2FA}.Release|Any CPU.ActiveCfg = Release|Any CPU
		{3A02BF67-17FC-4F1D-ACEC-2FFCE679E2FA}.Release|Any CPU.Build.0 = Release|Any CPU
		{2BB3B5AC-2DA2-4CA0-8F5C-69663F92238F}.Debug|Any CPU.ActiveCfg = Debug|Any CPU
		{2BB3B5AC-2DA2-4CA0-8F5C-69663F92238F}.Debug|Any CPU.Build.0 = Debug|Any CPU
		{2BB3B5AC-2DA2-4CA0-8F5C-69663F92238F}.Release|Any CPU.ActiveCfg = Release|Any CPU
		{2BB3B5AC-2DA2-4CA0-8F5C-69663F92238F}.Release|Any CPU.Build.0 = Release|Any CPU
		{66B845EB-2FF7-4935-B5AB-A91176A4ADDB}.Debug|Any CPU.ActiveCfg = Debug|Any CPU
		{66B845EB-2FF7-4935-B5AB-A91176A4ADDB}.Debug|Any CPU.Build.0 = Debug|Any CPU
		{66B845EB-2FF7-4935-B5AB-A91176A4ADDB}.Release|Any CPU.ActiveCfg = Release|Any CPU
		{66B845EB-2FF7-4935-B5AB-A91176A4ADDB}.Release|Any CPU.Build.0 = Release|Any CPU
	EndGlobalSection
	GlobalSection(SolutionProperties) = preSolution
		HideSolutionNode = FALSE
	EndGlobalSection
	GlobalSection(NestedProjects) = preSolution
		{C6262FD8-AC22-43DE-9AB5-0BB1855E9BEA} = {5A15C6E9-33EE-4D97-9A2A-6AF2AE350631}
		{3A02BF67-17FC-4F1D-ACEC-2FFCE679E2FA} = {C63561EB-16F8-49C5-8C6A-CF6752549566}
		{2BB3B5AC-2DA2-4CA0-8F5C-69663F92238F} = {E722B496-695B-412E-820B-F0243D941457}
		{66B845EB-2FF7-4935-B5AB-A91176A4ADDB} = {3AF0A155-DAC0-4C71-B214-BB8D690D21AB}
	EndGlobalSection
	GlobalSection(ExtensibilityGlobals) = postSolution
		SolutionGuid = {A847931E-A409-4384-B4E1-41B216455172}
	EndGlobalSection
EndGlobal
