
Microsoft Visual Studio Solution File, Format Version 12.00
# Visual Studio Version 17
VisualStudioVersion = 17.0.32112.339
MinimumVisualStudioVersion = 10.0.40219.1
Project("{9A19103F-16F7-4668-BE54-9A1E7A4F7556}") = "webapi.api", "webapi.api\webapi.api.csproj", "{6905666D-991E-4D88-BFB0-3D4C9D7D85BB}"
EndProject
Project("{9A19103F-16F7-4668-BE54-9A1E7A4F7556}") = "webapi.domain", "webapi.domain\webapi.domain.csproj", "{DF4548D8-BCDE-4320-B4B5-73F8A7E00816}"
EndProject
Project("{9A19103F-16F7-4668-BE54-9A1E7A4F7556}") = "webapi.application", "webapi.application\webapi.application.csproj", "{385DA6B8-F4E6-49C9-B3DD-D3EE78DD1E3D}"
EndProject
Project("{9A19103F-16F7-4668-BE54-9A1E7A4F7556}") = "webapi.infrastructure", "webapi.infrastructure\webapi.infrastructure.csproj", "{F229AB3E-3DF4-4A35-8803-0D9285BE46FD}"
EndProject
Project("{9A19103F-16F7-4668-BE54-9A1E7A4F7556}") = "webapi.unittests", "webapi.tests\webapi.unittests\webapi.unittests.csproj", "{622612A0-69A1-4940-A8E8-E3AEF4C055E6}"
EndProject
Global
	GlobalSection(SolutionConfigurationPlatforms) = preSolution
		Debug|Any CPU = Debug|Any CPU
		Release|Any CPU = Release|Any CPU
	EndGlobalSection
	GlobalSection(ProjectConfigurationPlatforms) = postSolution
		{6905666D-991E-4D88-BFB0-3D4C9D7D85BB}.Debug|Any CPU.ActiveCfg = Debug|Any CPU
		{6905666D-991E-4D88-BFB0-3D4C9D7D85BB}.Debug|Any CPU.Build.0 = Debug|Any CPU
		{6905666D-991E-4D88-BFB0-3D4C9D7D85BB}.Release|Any CPU.ActiveCfg = Release|Any CPU
		{6905666D-991E-4D88-BFB0-3D4C9D7D85BB}.Release|Any CPU.Build.0 = Release|Any CPU
		{DF4548D8-BCDE-4320-B4B5-73F8A7E00816}.Debug|Any CPU.ActiveCfg = Debug|Any CPU
		{DF4548D8-BCDE-4320-B4B5-73F8A7E00816}.Debug|Any CPU.Build.0 = Debug|Any CPU
		{DF4548D8-BCDE-4320-B4B5-73F8A7E00816}.Release|Any CPU.ActiveCfg = Release|Any CPU
		{DF4548D8-BCDE-4320-B4B5-73F8A7E00816}.Release|Any CPU.Build.0 = Release|Any CPU
		{385DA6B8-F4E6-49C9-B3DD-D3EE78DD1E3D}.Debug|Any CPU.ActiveCfg = Debug|Any CPU
		{385DA6B8-F4E6-49C9-B3DD-D3EE78DD1E3D}.Debug|Any CPU.Build.0 = Debug|Any CPU
		{385DA6B8-F4E6-49C9-B3DD-D3EE78DD1E3D}.Release|Any CPU.ActiveCfg = Release|Any CPU
		{385DA6B8-F4E6-49C9-B3DD-D3EE78DD1E3D}.Release|Any CPU.Build.0 = Release|Any CPU
		{F229AB3E-3DF4-4A35-8803-0D9285BE46FD}.Debug|Any CPU.ActiveCfg = Debug|Any CPU
		{F229AB3E-3DF4-4A35-8803-0D9285BE46FD}.Debug|Any CPU.Build.0 = Debug|Any CPU
		{F229AB3E-3DF4-4A35-8803-0D9285BE46FD}.Release|Any CPU.ActiveCfg = Release|Any CPU
		{F229AB3E-3DF4-4A35-8803-0D9285BE46FD}.Release|Any CPU.Build.0 = Release|Any CPU
		{622612A0-69A1-4940-A8E8-E3AEF4C055E6}.Debug|Any CPU.ActiveCfg = Debug|Any CPU
		{622612A0-69A1-4940-A8E8-E3AEF4C055E6}.Debug|Any CPU.Build.0 = Debug|Any CPU
		{622612A0-69A1-4940-A8E8-E3AEF4C055E6}.Release|Any CPU.ActiveCfg = Release|Any CPU
		{622612A0-69A1-4940-A8E8-E3AEF4C055E6}.Release|Any CPU.Build.0 = Release|Any CPU
	EndGlobalSection
	GlobalSection(SolutionProperties) = preSolution
		HideSolutionNode = FALSE
	EndGlobalSection
	GlobalSection(ExtensibilityGlobals) = postSolution
		SolutionGuid = {D8D668BC-25DD-429E-A07D-1E967C65161B}
	EndGlobalSection
EndGlobal
